
Microsoft Visual Studio Solution File, Format Version 12.00
# Visual Studio Version 17
VisualStudioVersion = 17.6.33829.357
MinimumVisualStudioVersion = 10.0.40219.1
Project("{FAE04EC0-301F-11D3-BF4B-00C04F79EFBC}") = "StudioOne", "StudioOne\StudioOne.csproj", "{0A102D8F-0954-4846-BC19-C61504B767A0}"
EndProject
Global
	GlobalSection(SolutionConfigurationPlatforms) = preSolution
		Debug|Any CPU = Debug|Any CPU
		Release|Any CPU = Release|Any CPU
	EndGlobalSection
	GlobalSection(ProjectConfigurationPlatforms) = postSolution
		{0A102D8F-0954-4846-BC19-C61504B767A0}.Debug|Any CPU.ActiveCfg = Debug|Any CPU
		{0A102D8F-0954-4846-BC19-C61504B767A0}.Debug|Any CPU.Build.0 = Debug|Any CPU
		{0A102D8F-0954-4846-BC19-C61504B767A0}.Release|Any CPU.ActiveCfg = Release|Any CPU
		{0A102D8F-0954-4846-BC19-C61504B767A0}.Release|Any CPU.Build.0 = Release|Any CPU
	EndGlobalSection
	GlobalSection(SolutionProperties) = preSolution
		HideSolutionNode = FALSE
	EndGlobalSection
	GlobalSection(ExtensibilityGlobals) = postSolution
		SolutionGuid = {A5477CC9-6059-4E31-8658-F49E1EE317A8}
	EndGlobalSection
EndGlobal
